
Microsoft Visual Studio Solution File, Format Version 12.00
# Visual Studio Version 16
VisualStudioVersion = 16.0.31911.196
MinimumVisualStudioVersion = 10.0.40219.1
Project("{9A19103F-16F7-4668-BE54-9A1E7A4F7556}") = "Constructor", "OOP01\Constructor.csproj", "{768AF7FC-43BC-4DA5-A007-BD46632CC43D}"
EndProject
Project("{9A19103F-16F7-4668-BE54-9A1E7A4F7556}") = "New", "OOP2\New.csproj", "{DBC8385B-B766-4A9B-B419-45FE12B6F932}"
EndProject
Project("{9A19103F-16F7-4668-BE54-9A1E7A4F7556}") = "Static", "OOP3\Static.csproj", "{8B1C2B4D-9F13-4219-991A-5D6E99AF63A5}"
EndProject
Project("{9A19103F-16F7-4668-BE54-9A1E7A4F7556}") = "Access", "Access\Access.csproj", "{D45FDF75-C122-4220-838D-98505FC5E11F}"
EndProject
Project("{9A19103F-16F7-4668-BE54-9A1E7A4F7556}") = "Score", "Score\Score.csproj", "{DDD92607-4CAD-453B-9946-6BB6CDF41CC8}"
EndProject
Project("{9A19103F-16F7-4668-BE54-9A1E7A4F7556}") = "Inheritance", "Inheritance\Inheritance.csproj", "{AAC64251-1C51-47B3-AD77-9108350F7DCD}"
EndProject
Project("{9A19103F-16F7-4668-BE54-9A1E7A4F7556}") = "Override", "Override\Override.csproj", "{9322F996-2DEA-4745-AF74-314582621E07}"
EndProject
Project("{9A19103F-16F7-4668-BE54-9A1E7A4F7556}") = "Abstract", "Abstract\Abstract.csproj", "{FC4FD3F8-4268-4CE2-8CF9-907C796D81C5}"
EndProject
Project("{9A19103F-16F7-4668-BE54-9A1E7A4F7556}") = "Virtual", "Virtual\Virtual.csproj", "{65378B86-3586-4384-BDA7-450CDCE0FB64}"
EndProject
Project("{9A19103F-16F7-4668-BE54-9A1E7A4F7556}") = "MultipleInheritance", "MultipleInheritance\MultipleInheritance.csproj", "{63B668B6-CCAA-4408-979C-B96B516947AC}"
EndProject
Project("{9A19103F-16F7-4668-BE54-9A1E7A4F7556}") = "Interface", "Interface\Interface.csproj", "{A3FCEE2E-1FCA-43BE-9E13-289E8DAAA102}"
EndProject
Project("{9A19103F-16F7-4668-BE54-9A1E7A4F7556}") = "Interface02", "Interface02\Interface02.csproj", "{B69F061D-731B-4668-BE93-1204F9E74158}"
EndProject
Project("{9A19103F-16F7-4668-BE54-9A1E7A4F7556}") = "This", "This\This.csproj", "{16EC5BF1-F071-4943-A857-35EAF9EB9CC7}"
EndProject
Project("{9A19103F-16F7-4668-BE54-9A1E7A4F7556}") = "Base", "Base\Base.csproj", "{7EFA1A44-FBE3-47F6-AD95-8A42EDDA52FF}"
EndProject
Project("{9A19103F-16F7-4668-BE54-9A1E7A4F7556}") = "Base02", "Base02\Base02.csproj", "{E445BABF-3720-4F0A-85A8-97004CC1B5C2}"
EndProject
Project("{FAE04EC0-301F-11D3-BF4B-00C04F79EFBC}") = "Encapsulation", "Encapsulation\Encapsulation.csproj", "{0C524025-941F-4F47-B05E-CE2831DEED2B}"
EndProject
Project("{FAE04EC0-301F-11D3-BF4B-00C04F79EFBC}") = "Inheritance02", "Inheritance02\Inheritance02.csproj", "{88484DF2-52E4-47C8-9F8B-7A0DFFF9E423}"
EndProject
Global
	GlobalSection(SolutionConfigurationPlatforms) = preSolution
		Debug|Any CPU = Debug|Any CPU
		Release|Any CPU = Release|Any CPU
	EndGlobalSection
	GlobalSection(ProjectConfigurationPlatforms) = postSolution
		{768AF7FC-43BC-4DA5-A007-BD46632CC43D}.Debug|Any CPU.ActiveCfg = Debug|Any CPU
		{768AF7FC-43BC-4DA5-A007-BD46632CC43D}.Debug|Any CPU.Build.0 = Debug|Any CPU
		{768AF7FC-43BC-4DA5-A007-BD46632CC43D}.Release|Any CPU.ActiveCfg = Release|Any CPU
		{768AF7FC-43BC-4DA5-A007-BD46632CC43D}.Release|Any CPU.Build.0 = Release|Any CPU
		{DBC8385B-B766-4A9B-B419-45FE12B6F932}.Debug|Any CPU.ActiveCfg = Debug|Any CPU
		{DBC8385B-B766-4A9B-B419-45FE12B6F932}.Debug|Any CPU.Build.0 = Debug|Any CPU
		{DBC8385B-B766-4A9B-B419-45FE12B6F932}.Release|Any CPU.ActiveCfg = Release|Any CPU
		{DBC8385B-B766-4A9B-B419-45FE12B6F932}.Release|Any CPU.Build.0 = Release|Any CPU
		{8B1C2B4D-9F13-4219-991A-5D6E99AF63A5}.Debug|Any CPU.ActiveCfg = Debug|Any CPU
		{8B1C2B4D-9F13-4219-991A-5D6E99AF63A5}.Debug|Any CPU.Build.0 = Debug|Any CPU
		{8B1C2B4D-9F13-4219-991A-5D6E99AF63A5}.Release|Any CPU.ActiveCfg = Release|Any CPU
		{8B1C2B4D-9F13-4219-991A-5D6E99AF63A5}.Release|Any CPU.Build.0 = Release|Any CPU
		{D45FDF75-C122-4220-838D-98505FC5E11F}.Debug|Any CPU.ActiveCfg = Debug|Any CPU
		{D45FDF75-C122-4220-838D-98505FC5E11F}.Debug|Any CPU.Build.0 = Debug|Any CPU
		{D45FDF75-C122-4220-838D-98505FC5E11F}.Release|Any CPU.ActiveCfg = Release|Any CPU
		{D45FDF75-C122-4220-838D-98505FC5E11F}.Release|Any CPU.Build.0 = Release|Any CPU
		{DDD92607-4CAD-453B-9946-6BB6CDF41CC8}.Debug|Any CPU.ActiveCfg = Debug|Any CPU
		{DDD92607-4CAD-453B-9946-6BB6CDF41CC8}.Debug|Any CPU.Build.0 = Debug|Any CPU
		{DDD92607-4CAD-453B-9946-6BB6CDF41CC8}.Release|Any CPU.ActiveCfg = Release|Any CPU
		{DDD92607-4CAD-453B-9946-6BB6CDF41CC8}.Release|Any CPU.Build.0 = Release|Any CPU
		{AAC64251-1C51-47B3-AD77-9108350F7DCD}.Debug|Any CPU.ActiveCfg = Debug|Any CPU
		{AAC64251-1C51-47B3-AD77-9108350F7DCD}.Debug|Any CPU.Build.0 = Debug|Any CPU
		{AAC64251-1C51-47B3-AD77-9108350F7DCD}.Release|Any CPU.ActiveCfg = Release|Any CPU
		{AAC64251-1C51-47B3-AD77-9108350F7DCD}.Release|Any CPU.Build.0 = Release|Any CPU
		{9322F996-2DEA-4745-AF74-314582621E07}.Debug|Any CPU.ActiveCfg = Debug|Any CPU
		{9322F996-2DEA-4745-AF74-314582621E07}.Debug|Any CPU.Build.0 = Debug|Any CPU
		{9322F996-2DEA-4745-AF74-314582621E07}.Release|Any CPU.ActiveCfg = Release|Any CPU
		{9322F996-2DEA-4745-AF74-314582621E07}.Release|Any CPU.Build.0 = Release|Any CPU
		{FC4FD3F8-4268-4CE2-8CF9-907C796D81C5}.Debug|Any CPU.ActiveCfg = Debug|Any CPU
		{FC4FD3F8-4268-4CE2-8CF9-907C796D81C5}.Debug|Any CPU.Build.0 = Debug|Any CPU
		{FC4FD3F8-4268-4CE2-8CF9-907C796D81C5}.Release|Any CPU.ActiveCfg = Release|Any CPU
		{FC4FD3F8-4268-4CE2-8CF9-907C796D81C5}.Release|Any CPU.Build.0 = Release|Any CPU
		{65378B86-3586-4384-BDA7-450CDCE0FB64}.Debug|Any CPU.ActiveCfg = Debug|Any CPU
		{65378B86-3586-4384-BDA7-450CDCE0FB64}.Debug|Any CPU.Build.0 = Debug|Any CPU
		{65378B86-3586-4384-BDA7-450CDCE0FB64}.Release|Any CPU.ActiveCfg = Release|Any CPU
		{65378B86-3586-4384-BDA7-450CDCE0FB64}.Release|Any CPU.Build.0 = Release|Any CPU
		{63B668B6-CCAA-4408-979C-B96B516947AC}.Debug|Any CPU.ActiveCfg = Debug|Any CPU
		{63B668B6-CCAA-4408-979C-B96B516947AC}.Debug|Any CPU.Build.0 = Debug|Any CPU
		{63B668B6-CCAA-4408-979C-B96B516947AC}.Release|Any CPU.ActiveCfg = Release|Any CPU
		{63B668B6-CCAA-4408-979C-B96B516947AC}.Release|Any CPU.Build.0 = Release|Any CPU
		{A3FCEE2E-1FCA-43BE-9E13-289E8DAAA102}.Debug|Any CPU.ActiveCfg = Debug|Any CPU
		{A3FCEE2E-1FCA-43BE-9E13-289E8DAAA102}.Debug|Any CPU.Build.0 = Debug|Any CPU
		{A3FCEE2E-1FCA-43BE-9E13-289E8DAAA102}.Release|Any CPU.ActiveCfg = Release|Any CPU
		{A3FCEE2E-1FCA-43BE-9E13-289E8DAAA102}.Release|Any CPU.Build.0 = Release|Any CPU
		{B69F061D-731B-4668-BE93-1204F9E74158}.Debug|Any CPU.ActiveCfg = Debug|Any CPU
		{B69F061D-731B-4668-BE93-1204F9E74158}.Debug|Any CPU.Build.0 = Debug|Any CPU
		{B69F061D-731B-4668-BE93-1204F9E74158}.Release|Any CPU.ActiveCfg = Release|Any CPU
		{B69F061D-731B-4668-BE93-1204F9E74158}.Release|Any CPU.Build.0 = Release|Any CPU
		{16EC5BF1-F071-4943-A857-35EAF9EB9CC7}.Debug|Any CPU.ActiveCfg = Debug|Any CPU
		{16EC5BF1-F071-4943-A857-35EAF9EB9CC7}.Debug|Any CPU.Build.0 = Debug|Any CPU
		{16EC5BF1-F071-4943-A857-35EAF9EB9CC7}.Release|Any CPU.ActiveCfg = Release|Any CPU
		{16EC5BF1-F071-4943-A857-35EAF9EB9CC7}.Release|Any CPU.Build.0 = Release|Any CPU
		{7EFA1A44-FBE3-47F6-AD95-8A42EDDA52FF}.Debug|Any CPU.ActiveCfg = Debug|Any CPU
		{7EFA1A44-FBE3-47F6-AD95-8A42EDDA52FF}.Debug|Any CPU.Build.0 = Debug|Any CPU
		{7EFA1A44-FBE3-47F6-AD95-8A42EDDA52FF}.Release|Any CPU.ActiveCfg = Release|Any CPU
		{7EFA1A44-FBE3-47F6-AD95-8A42EDDA52FF}.Release|Any CPU.Build.0 = Release|Any CPU
		{E445BABF-3720-4F0A-85A8-97004CC1B5C2}.Debug|Any CPU.ActiveCfg = Debug|Any CPU
		{E445BABF-3720-4F0A-85A8-97004CC1B5C2}.Debug|Any CPU.Build.0 = Debug|Any CPU
		{E445BABF-3720-4F0A-85A8-97004CC1B5C2}.Release|Any CPU.ActiveCfg = Release|Any CPU
		{E445BABF-3720-4F0A-85A8-97004CC1B5C2}.Release|Any CPU.Build.0 = Release|Any CPU
		{0C524025-941F-4F47-B05E-CE2831DEED2B}.Debug|Any CPU.ActiveCfg = Debug|Any CPU
		{0C524025-941F-4F47-B05E-CE2831DEED2B}.Debug|Any CPU.Build.0 = Debug|Any CPU
		{0C524025-941F-4F47-B05E-CE2831DEED2B}.Release|Any CPU.ActiveCfg = Release|Any CPU
		{0C524025-941F-4F47-B05E-CE2831DEED2B}.Release|Any CPU.Build.0 = Release|Any CPU
		{88484DF2-52E4-47C8-9F8B-7A0DFFF9E423}.Debug|Any CPU.ActiveCfg = Debug|Any CPU
		{88484DF2-52E4-47C8-9F8B-7A0DFFF9E423}.Debug|Any CPU.Build.0 = Debug|Any CPU
		{88484DF2-52E4-47C8-9F8B-7A0DFFF9E423}.Release|Any CPU.ActiveCfg = Release|Any CPU
		{88484DF2-52E4-47C8-9F8B-7A0DFFF9E423}.Release|Any CPU.Build.0 = Release|Any CPU
	EndGlobalSection
	GlobalSection(SolutionProperties) = preSolution
		HideSolutionNode = FALSE
	EndGlobalSection
	GlobalSection(ExtensibilityGlobals) = postSolution
		SolutionGuid = {98C1EFB3-8D97-4465-8355-3AF4B0946249}
	EndGlobalSection
EndGlobal
