
Microsoft Visual Studio Solution File, Format Version 12.00
# Visual Studio Version 16
VisualStudioVersion = 16.0.31911.196
MinimumVisualStudioVersion = 10.0.40219.1
Project("{FAE04EC0-301F-11D3-BF4B-00C04F79EFBC}") = "OOP01", "OOP01\OOP01.csproj", "{768AF7FC-43BC-4DA5-A007-BD46632CC43D}"
EndProject
Project("{FAE04EC0-301F-11D3-BF4B-00C04F79EFBC}") = "OOP2", "OOP2\OOP2.csproj", "{DBC8385B-B766-4A9B-B419-45FE12B6F932}"
EndProject
Project("{FAE04EC0-301F-11D3-BF4B-00C04F79EFBC}") = "OOP3", "OOP3\OOP3.csproj", "{8B1C2B4D-9F13-4219-991A-5D6E99AF63A5}"
EndProject
Global
	GlobalSection(SolutionConfigurationPlatforms) = preSolution
		Debug|Any CPU = Debug|Any CPU
		Release|Any CPU = Release|Any CPU
	EndGlobalSection
	GlobalSection(ProjectConfigurationPlatforms) = postSolution
		{768AF7FC-43BC-4DA5-A007-BD46632CC43D}.Debug|Any CPU.ActiveCfg = Debug|Any CPU
		{768AF7FC-43BC-4DA5-A007-BD46632CC43D}.Debug|Any CPU.Build.0 = Debug|Any CPU
		{768AF7FC-43BC-4DA5-A007-BD46632CC43D}.Release|Any CPU.ActiveCfg = Release|Any CPU
		{768AF7FC-43BC-4DA5-A007-BD46632CC43D}.Release|Any CPU.Build.0 = Release|Any CPU
		{DBC8385B-B766-4A9B-B419-45FE12B6F932}.Debug|Any CPU.ActiveCfg = Debug|Any CPU
		{DBC8385B-B766-4A9B-B419-45FE12B6F932}.Debug|Any CPU.Build.0 = Debug|Any CPU
		{DBC8385B-B766-4A9B-B419-45FE12B6F932}.Release|Any CPU.ActiveCfg = Release|Any CPU
		{DBC8385B-B766-4A9B-B419-45FE12B6F932}.Release|Any CPU.Build.0 = Release|Any CPU
		{8B1C2B4D-9F13-4219-991A-5D6E99AF63A5}.Debug|Any CPU.ActiveCfg = Debug|Any CPU
		{8B1C2B4D-9F13-4219-991A-5D6E99AF63A5}.Debug|Any CPU.Build.0 = Debug|Any CPU
		{8B1C2B4D-9F13-4219-991A-5D6E99AF63A5}.Release|Any CPU.ActiveCfg = Release|Any CPU
		{8B1C2B4D-9F13-4219-991A-5D6E99AF63A5}.Release|Any CPU.Build.0 = Release|Any CPU
	EndGlobalSection
	GlobalSection(SolutionProperties) = preSolution
		HideSolutionNode = FALSE
	EndGlobalSection
	GlobalSection(ExtensibilityGlobals) = postSolution
		SolutionGuid = {98C1EFB3-8D97-4465-8355-3AF4B0946249}
	EndGlobalSection
EndGlobal
